{
  "name": "secure-app",
  "version": "1.0.0",
  "lockfileVersion": 2,
  "requires": true,
  "packages": {
    "": {
      "name": "secure-app",
      "version": "1.0.0",
      "license": "ISC",
      "dependencies": {
        "express": "^4.17.1",
        "mongoose": "^5.11.15"
      }
    },
    "node_modules/express": {
      "version": "4.17.1",
      "resolved": "https://registry.npmjs.org/express/-/express-4.17.1.tgz",
      "integrity": "sha512-mZORv4LJPJg...",
      "dependencies": {}
    },
    "node_modules/mongoose": {
      "version": "5.11.15",
      "resolved": "https://registry.npmjs.org/mongoose/-/mongoose-5.11.15.tgz",
      "integrity": "sha512-kg4Bq3By...",
      "dependencies": {}
    }
  }
}
